
Microsoft Visual Studio Solution File, Format Version 12.00
# Visual Studio Version 17
VisualStudioVersion = 17.7.34202.233
MinimumVisualStudioVersion = 10.0.40219.1
Project("{FAE04EC0-301F-11D3-BF4B-00C04F79EFBC}") = "Finance App", "Finance App.csproj", "{C0A208DD-B2FD-44B0-8E7E-F4E9F99D3C69}"
EndProject
Global
	GlobalSection(SolutionConfigurationPlatforms) = preSolution
		Debug|Any CPU = Debug|Any CPU
		Release|Any CPU = Release|Any CPU
	EndGlobalSection
	GlobalSection(ProjectConfigurationPlatforms) = postSolution
		{C0A208DD-B2FD-44B0-8E7E-F4E9F99D3C69}.Debug|Any CPU.ActiveCfg = Debug|Any CPU
		{C0A208DD-B2FD-44B0-8E7E-F4E9F99D3C69}.Debug|Any CPU.Build.0 = Debug|Any CPU
		{C0A208DD-B2FD-44B0-8E7E-F4E9F99D3C69}.Release|Any CPU.ActiveCfg = Release|Any CPU
		{C0A208DD-B2FD-44B0-8E7E-F4E9F99D3C69}.Release|Any CPU.Build.0 = Release|Any CPU
	EndGlobalSection
	GlobalSection(SolutionProperties) = preSolution
		HideSolutionNode = FALSE
	EndGlobalSection
	GlobalSection(ExtensibilityGlobals) = postSolution
		SolutionGuid = {E01E6633-CD61-4320-B4D6-CD5CF1DFB019}
	EndGlobalSection
EndGlobal
